
Microsoft Visual Studio Solution File, Format Version 12.00
# Visual Studio 15
VisualStudioVersion = 15.0.28010.2016
MinimumVisualStudioVersion = 10.0.40219.1
Project("{9A19103F-16F7-4668-BE54-9A1E7A4F7556}") = "SimpleJWT", "SimpleJWT\SimpleJWT.csproj", "{721E05E4-4369-43A0-ADC2-EBBBF7BEC121}"
EndProject
Project("{FAE04EC0-301F-11D3-BF4B-00C04F79EFBC}") = "SimpleJWT.Test", "SimpleJWT.Test\SimpleJWT.Test.csproj", "{2ABE7884-DE03-4D26-B1F1-28951DD8A609}"
EndProject
Project("{FAE04EC0-301F-11D3-BF4B-00C04F79EFBC}") = "SimpleJWT.TestCore", "SimpleJWT.TestCore\SimpleJWT.TestCore.csproj", "{854E6BC6-34BB-44E3-8663-75B6099BA7E9}"
EndProject
Global
	GlobalSection(SolutionConfigurationPlatforms) = preSolution
		Debug|Any CPU = Debug|Any CPU
		Release|Any CPU = Release|Any CPU
	EndGlobalSection
	GlobalSection(ProjectConfigurationPlatforms) = postSolution
		{721E05E4-4369-43A0-ADC2-EBBBF7BEC121}.Debug|Any CPU.ActiveCfg = Debug|Any CPU
		{721E05E4-4369-43A0-ADC2-EBBBF7BEC121}.Debug|Any CPU.Build.0 = Debug|Any CPU
		{721E05E4-4369-43A0-ADC2-EBBBF7BEC121}.Release|Any CPU.ActiveCfg = Release|Any CPU
		{721E05E4-4369-43A0-ADC2-EBBBF7BEC121}.Release|Any CPU.Build.0 = Release|Any CPU
		{2ABE7884-DE03-4D26-B1F1-28951DD8A609}.Debug|Any CPU.ActiveCfg = Debug|Any CPU
		{2ABE7884-DE03-4D26-B1F1-28951DD8A609}.Debug|Any CPU.Build.0 = Debug|Any CPU
		{2ABE7884-DE03-4D26-B1F1-28951DD8A609}.Release|Any CPU.ActiveCfg = Release|Any CPU
		{2ABE7884-DE03-4D26-B1F1-28951DD8A609}.Release|Any CPU.Build.0 = Release|Any CPU
		{854E6BC6-34BB-44E3-8663-75B6099BA7E9}.Debug|Any CPU.ActiveCfg = Debug|Any CPU
		{854E6BC6-34BB-44E3-8663-75B6099BA7E9}.Debug|Any CPU.Build.0 = Debug|Any CPU
		{854E6BC6-34BB-44E3-8663-75B6099BA7E9}.Release|Any CPU.ActiveCfg = Release|Any CPU
		{854E6BC6-34BB-44E3-8663-75B6099BA7E9}.Release|Any CPU.Build.0 = Release|Any CPU
	EndGlobalSection
	GlobalSection(SolutionProperties) = preSolution
		HideSolutionNode = FALSE
	EndGlobalSection
	GlobalSection(ExtensibilityGlobals) = postSolution
		SolutionGuid = {652FDE28-256D-43ED-BF94-6CA39B237FBD}
	EndGlobalSection
EndGlobal
